{
  "name": "EJERCICIO-DIA-2",
  "version": "1.0.0",
  "lockfileVersion": 1,
  "requires": true,
  "dependencies": {
    "web-ifc": {
      "version": "0.0.25",
      "resolved": "https://registry.npmjs.org/web-ifc/-/web-ifc-0.0.25.tgz",
      "integrity": "sha512-FutpMKz8UtTkSjRD20sfebVOj+vrAKn9vLumaL6MkcjVjsSHhpnelHM7OvUAcZFeNwV69yTme9YAwOuPVZ2n+Q=="
    }
  }
}
